<Solution>
  <Folder Name="/doc/">
    <File Path="Attribute.txt" />
    <File Path="delegate.txt" />
    <File Path="Generic.txt" />
    <File Path="ThreadTask.txt" />
  </Folder>
  <Project Path="E:/RealtimeCurve/IndustrialAI.Core/IndustrialAI.ConsoleDemo/IndustrialAI.ConsoleDemo.csproj" Id="d8ee3fa3-177b-485c-b358-d9093b487427" />
  <Project Path="E:/RealtimeCurve/IndustrialAI.Core/IndustrialAI.Core/IndustrialAI.Core.csproj" />
</Solution>
